
Microsoft Visual Studio Solution File, Format Version 12.00
# Visual Studio Version 17
VisualStudioVersion = 17.4.33213.308
MinimumVisualStudioVersion = 10.0.40219.1
Project("{9A19103F-16F7-4668-BE54-9A1E7A4F7556}") = "SortManager", "SortManager\SortManager.csproj", "{90C68383-7F67-4246-9482-46CE22A90331}"
EndProject
Project("{9A19103F-16F7-4668-BE54-9A1E7A4F7556}") = "SortManagerTests", "SortManagerTests\SortManagerTests.csproj", "{B79E4F3B-8539-4729-A6DE-F8C085D41110}"
EndProject
Project("{FAE04EC0-301F-11D3-BF4B-00C04F79EFBC}") = "Model", "Model\Model.csproj", "{D34ABC94-43B5-4985-9AFE-12635EC2D62B}"
EndProject
Global
	GlobalSection(SolutionConfigurationPlatforms) = preSolution
		Debug|Any CPU = Debug|Any CPU
		Release|Any CPU = Release|Any CPU
	EndGlobalSection
	GlobalSection(ProjectConfigurationPlatforms) = postSolution
		{90C68383-7F67-4246-9482-46CE22A90331}.Debug|Any CPU.ActiveCfg = Debug|Any CPU
		{90C68383-7F67-4246-9482-46CE22A90331}.Debug|Any CPU.Build.0 = Debug|Any CPU
		{90C68383-7F67-4246-9482-46CE22A90331}.Release|Any CPU.ActiveCfg = Release|Any CPU
		{90C68383-7F67-4246-9482-46CE22A90331}.Release|Any CPU.Build.0 = Release|Any CPU
		{B79E4F3B-8539-4729-A6DE-F8C085D41110}.Debug|Any CPU.ActiveCfg = Debug|Any CPU
		{B79E4F3B-8539-4729-A6DE-F8C085D41110}.Debug|Any CPU.Build.0 = Debug|Any CPU
		{B79E4F3B-8539-4729-A6DE-F8C085D41110}.Release|Any CPU.ActiveCfg = Release|Any CPU
		{B79E4F3B-8539-4729-A6DE-F8C085D41110}.Release|Any CPU.Build.0 = Release|Any CPU
		{D34ABC94-43B5-4985-9AFE-12635EC2D62B}.Debug|Any CPU.ActiveCfg = Debug|Any CPU
		{D34ABC94-43B5-4985-9AFE-12635EC2D62B}.Debug|Any CPU.Build.0 = Debug|Any CPU
		{D34ABC94-43B5-4985-9AFE-12635EC2D62B}.Release|Any CPU.ActiveCfg = Release|Any CPU
		{D34ABC94-43B5-4985-9AFE-12635EC2D62B}.Release|Any CPU.Build.0 = Release|Any CPU
	EndGlobalSection
	GlobalSection(SolutionProperties) = preSolution
		HideSolutionNode = FALSE
	EndGlobalSection
	GlobalSection(ExtensibilityGlobals) = postSolution
		SolutionGuid = {0982BD75-C0BA-4BC0-869C-CE923F136A64}
	EndGlobalSection
EndGlobal
